
Microsoft Visual Studio Solution File, Format Version 12.00
# Visual Studio Version 16
VisualStudioVersion = 16.0.31112.23
MinimumVisualStudioVersion = 10.0.40219.1
Project("{9A19103F-16F7-4668-BE54-9A1E7A4F7556}") = "RapportModule", "RapportModule\RapportModule.csproj", "{63155241-AB7A-43BC-AB2F-3F010B51C132}"
EndProject
Project("{9A19103F-16F7-4668-BE54-9A1E7A4F7556}") = "Nummers", "Nummers\Nummers.csproj", "{385AAACE-BF7E-4055-AE5F-A2033970E2AE}"
EndProject
Project("{9A19103F-16F7-4668-BE54-9A1E7A4F7556}") = "StudentKlasse", "StudentKlasse\StudentKlasse.csproj", "{06FEAF94-4D84-440E-8130-078BBAD32B65}"
EndProject
Project("{9A19103F-16F7-4668-BE54-9A1E7A4F7556}") = "PizzaTime", "PizzaTime\PizzaTime.csproj", "{FC07162B-A2B2-4DFA-9694-4FB13F3457B5}"
EndProject
Project("{9A19103F-16F7-4668-BE54-9A1E7A4F7556}") = "Figuren", "Figuren\Figuren.csproj", "{BBDDC656-F11E-4E80-AE56-D37C8AB7F1BB}"
EndProject
Project("{9A19103F-16F7-4668-BE54-9A1E7A4F7556}") = "Sports", "Sports\Sports.csproj", "{4BE5D7E3-5B28-441F-86C7-3BDC57FBF03C}"
EndProject
Project("{9A19103F-16F7-4668-BE54-9A1E7A4F7556}") = "BankManager", "BankManager\BankManager.csproj", "{DED11BF2-B671-4A85-A47B-EA01427BD02B}"
EndProject
Project("{9A19103F-16F7-4668-BE54-9A1E7A4F7556}") = "Meetlat", "Meetlat\Meetlat.csproj", "{C7DD6CBA-FB1A-46D6-9AD8-000769EF567C}"
EndProject
Project("{9A19103F-16F7-4668-BE54-9A1E7A4F7556}") = "Pokemon", "Pokemon\Pokemon.csproj", "{63BF180F-7C48-4E45-9A6A-9A3109D23C39}"
EndProject
Project("{9A19103F-16F7-4668-BE54-9A1E7A4F7556}") = "PokemonTester", "PokemonTester\PokemonTester.csproj", "{3032045B-0828-4397-B081-BE8648378D32}"
EndProject
Project("{FAE04EC0-301F-11D3-BF4B-00C04F79EFBC}") = "MeetlatConstructor", "MeetlatConstructor\MeetlatConstructor.csproj", "{58905D09-F6C1-4FEE-996F-DE7BC48DB7A3}"
EndProject
Project("{FAE04EC0-301F-11D3-BF4B-00C04F79EFBC}") = "SportSimulator", "SportSimulator\SportSimulator.csproj", "{EAB4F9BF-927B-4C3E-BE14-3720C1585ECD}"
EndProject
Project("{FAE04EC0-301F-11D3-BF4B-00C04F79EFBC}") = "PokemonsDeel2", "PokemonsDeel2\PokemonsDeel2.csproj", "{AAFFFF53-0BD5-429E-90C4-02F325872BD0}"
EndProject
Global
	GlobalSection(SolutionConfigurationPlatforms) = preSolution
		Debug|Any CPU = Debug|Any CPU
		Release|Any CPU = Release|Any CPU
	EndGlobalSection
	GlobalSection(ProjectConfigurationPlatforms) = postSolution
		{63155241-AB7A-43BC-AB2F-3F010B51C132}.Debug|Any CPU.ActiveCfg = Debug|Any CPU
		{63155241-AB7A-43BC-AB2F-3F010B51C132}.Debug|Any CPU.Build.0 = Debug|Any CPU
		{63155241-AB7A-43BC-AB2F-3F010B51C132}.Release|Any CPU.ActiveCfg = Release|Any CPU
		{63155241-AB7A-43BC-AB2F-3F010B51C132}.Release|Any CPU.Build.0 = Release|Any CPU
		{385AAACE-BF7E-4055-AE5F-A2033970E2AE}.Debug|Any CPU.ActiveCfg = Debug|Any CPU
		{385AAACE-BF7E-4055-AE5F-A2033970E2AE}.Debug|Any CPU.Build.0 = Debug|Any CPU
		{385AAACE-BF7E-4055-AE5F-A2033970E2AE}.Release|Any CPU.ActiveCfg = Release|Any CPU
		{385AAACE-BF7E-4055-AE5F-A2033970E2AE}.Release|Any CPU.Build.0 = Release|Any CPU
		{06FEAF94-4D84-440E-8130-078BBAD32B65}.Debug|Any CPU.ActiveCfg = Debug|Any CPU
		{06FEAF94-4D84-440E-8130-078BBAD32B65}.Debug|Any CPU.Build.0 = Debug|Any CPU
		{06FEAF94-4D84-440E-8130-078BBAD32B65}.Release|Any CPU.ActiveCfg = Release|Any CPU
		{06FEAF94-4D84-440E-8130-078BBAD32B65}.Release|Any CPU.Build.0 = Release|Any CPU
		{FC07162B-A2B2-4DFA-9694-4FB13F3457B5}.Debug|Any CPU.ActiveCfg = Debug|Any CPU
		{FC07162B-A2B2-4DFA-9694-4FB13F3457B5}.Debug|Any CPU.Build.0 = Debug|Any CPU
		{FC07162B-A2B2-4DFA-9694-4FB13F3457B5}.Release|Any CPU.ActiveCfg = Release|Any CPU
		{FC07162B-A2B2-4DFA-9694-4FB13F3457B5}.Release|Any CPU.Build.0 = Release|Any CPU
		{BBDDC656-F11E-4E80-AE56-D37C8AB7F1BB}.Debug|Any CPU.ActiveCfg = Debug|Any CPU
		{BBDDC656-F11E-4E80-AE56-D37C8AB7F1BB}.Debug|Any CPU.Build.0 = Debug|Any CPU
		{BBDDC656-F11E-4E80-AE56-D37C8AB7F1BB}.Release|Any CPU.ActiveCfg = Release|Any CPU
		{BBDDC656-F11E-4E80-AE56-D37C8AB7F1BB}.Release|Any CPU.Build.0 = Release|Any CPU
		{4BE5D7E3-5B28-441F-86C7-3BDC57FBF03C}.Debug|Any CPU.ActiveCfg = Debug|Any CPU
		{4BE5D7E3-5B28-441F-86C7-3BDC57FBF03C}.Debug|Any CPU.Build.0 = Debug|Any CPU
		{4BE5D7E3-5B28-441F-86C7-3BDC57FBF03C}.Release|Any CPU.ActiveCfg = Release|Any CPU
		{4BE5D7E3-5B28-441F-86C7-3BDC57FBF03C}.Release|Any CPU.Build.0 = Release|Any CPU
		{DED11BF2-B671-4A85-A47B-EA01427BD02B}.Debug|Any CPU.ActiveCfg = Debug|Any CPU
		{DED11BF2-B671-4A85-A47B-EA01427BD02B}.Debug|Any CPU.Build.0 = Debug|Any CPU
		{DED11BF2-B671-4A85-A47B-EA01427BD02B}.Release|Any CPU.ActiveCfg = Release|Any CPU
		{DED11BF2-B671-4A85-A47B-EA01427BD02B}.Release|Any CPU.Build.0 = Release|Any CPU
		{C7DD6CBA-FB1A-46D6-9AD8-000769EF567C}.Debug|Any CPU.ActiveCfg = Debug|Any CPU
		{C7DD6CBA-FB1A-46D6-9AD8-000769EF567C}.Debug|Any CPU.Build.0 = Debug|Any CPU
		{C7DD6CBA-FB1A-46D6-9AD8-000769EF567C}.Release|Any CPU.ActiveCfg = Release|Any CPU
		{C7DD6CBA-FB1A-46D6-9AD8-000769EF567C}.Release|Any CPU.Build.0 = Release|Any CPU
		{63BF180F-7C48-4E45-9A6A-9A3109D23C39}.Debug|Any CPU.ActiveCfg = Debug|Any CPU
		{63BF180F-7C48-4E45-9A6A-9A3109D23C39}.Debug|Any CPU.Build.0 = Debug|Any CPU
		{63BF180F-7C48-4E45-9A6A-9A3109D23C39}.Release|Any CPU.ActiveCfg = Release|Any CPU
		{63BF180F-7C48-4E45-9A6A-9A3109D23C39}.Release|Any CPU.Build.0 = Release|Any CPU
		{3032045B-0828-4397-B081-BE8648378D32}.Debug|Any CPU.ActiveCfg = Debug|Any CPU
		{3032045B-0828-4397-B081-BE8648378D32}.Debug|Any CPU.Build.0 = Debug|Any CPU
		{3032045B-0828-4397-B081-BE8648378D32}.Release|Any CPU.ActiveCfg = Release|Any CPU
		{3032045B-0828-4397-B081-BE8648378D32}.Release|Any CPU.Build.0 = Release|Any CPU
		{58905D09-F6C1-4FEE-996F-DE7BC48DB7A3}.Debug|Any CPU.ActiveCfg = Debug|Any CPU
		{58905D09-F6C1-4FEE-996F-DE7BC48DB7A3}.Debug|Any CPU.Build.0 = Debug|Any CPU
		{58905D09-F6C1-4FEE-996F-DE7BC48DB7A3}.Release|Any CPU.ActiveCfg = Release|Any CPU
		{58905D09-F6C1-4FEE-996F-DE7BC48DB7A3}.Release|Any CPU.Build.0 = Release|Any CPU
		{EAB4F9BF-927B-4C3E-BE14-3720C1585ECD}.Debug|Any CPU.ActiveCfg = Debug|Any CPU
		{EAB4F9BF-927B-4C3E-BE14-3720C1585ECD}.Debug|Any CPU.Build.0 = Debug|Any CPU
		{EAB4F9BF-927B-4C3E-BE14-3720C1585ECD}.Release|Any CPU.ActiveCfg = Release|Any CPU
		{EAB4F9BF-927B-4C3E-BE14-3720C1585ECD}.Release|Any CPU.Build.0 = Release|Any CPU
		{AAFFFF53-0BD5-429E-90C4-02F325872BD0}.Debug|Any CPU.ActiveCfg = Debug|Any CPU
		{AAFFFF53-0BD5-429E-90C4-02F325872BD0}.Debug|Any CPU.Build.0 = Debug|Any CPU
		{AAFFFF53-0BD5-429E-90C4-02F325872BD0}.Release|Any CPU.ActiveCfg = Release|Any CPU
		{AAFFFF53-0BD5-429E-90C4-02F325872BD0}.Release|Any CPU.Build.0 = Release|Any CPU
	EndGlobalSection
	GlobalSection(SolutionProperties) = preSolution
		HideSolutionNode = FALSE
	EndGlobalSection
	GlobalSection(ExtensibilityGlobals) = postSolution
		SolutionGuid = {0C3018DB-C0D9-4834-AD3A-C3FADDD3A9C9}
	EndGlobalSection
EndGlobal
