
Microsoft Visual Studio Solution File, Format Version 12.00
# Visual Studio Version 16
VisualStudioVersion = 16.0.31112.23
MinimumVisualStudioVersion = 10.0.40219.1
Project("{9A19103F-16F7-4668-BE54-9A1E7A4F7556}") = "RapportModule", "RapportModule\RapportModule.csproj", "{63155241-AB7A-43BC-AB2F-3F010B51C132}"
EndProject
Project("{9A19103F-16F7-4668-BE54-9A1E7A4F7556}") = "Nummers", "Nummers\Nummers.csproj", "{385AAACE-BF7E-4055-AE5F-A2033970E2AE}"
EndProject
Project("{9A19103F-16F7-4668-BE54-9A1E7A4F7556}") = "StudentKlasse", "StudentKlasse\StudentKlasse.csproj", "{06FEAF94-4D84-440E-8130-078BBAD32B65}"
EndProject
Project("{9A19103F-16F7-4668-BE54-9A1E7A4F7556}") = "PizzaTime", "PizzaTime\PizzaTime.csproj", "{FC07162B-A2B2-4DFA-9694-4FB13F3457B5}"
EndProject
Project("{9A19103F-16F7-4668-BE54-9A1E7A4F7556}") = "Figuren", "Figuren\Figuren.csproj", "{BBDDC656-F11E-4E80-AE56-D37C8AB7F1BB}"
EndProject
Project("{9A19103F-16F7-4668-BE54-9A1E7A4F7556}") = "Sports", "Sports\Sports.csproj", "{4BE5D7E3-5B28-441F-86C7-3BDC57FBF03C}"
EndProject
Project("{9A19103F-16F7-4668-BE54-9A1E7A4F7556}") = "BankManager", "BankManager\BankManager.csproj", "{DED11BF2-B671-4A85-A47B-EA01427BD02B}"
EndProject
Project("{9A19103F-16F7-4668-BE54-9A1E7A4F7556}") = "Meetlat", "Meetlat\Meetlat.csproj", "{C7DD6CBA-FB1A-46D6-9AD8-000769EF567C}"
EndProject
Project("{9A19103F-16F7-4668-BE54-9A1E7A4F7556}") = "Pokemon", "Pokemon\Pokemon.csproj", "{63BF180F-7C48-4E45-9A6A-9A3109D23C39}"
EndProject
Project("{9A19103F-16F7-4668-BE54-9A1E7A4F7556}") = "PokemonTester", "PokemonTester\PokemonTester.csproj", "{3032045B-0828-4397-B081-BE8648378D32}"
EndProject
Project("{9A19103F-16F7-4668-BE54-9A1E7A4F7556}") = "MeetlatConstructor", "MeetlatConstructor\MeetlatConstructor.csproj", "{58905D09-F6C1-4FEE-996F-DE7BC48DB7A3}"
EndProject
Project("{9A19103F-16F7-4668-BE54-9A1E7A4F7556}") = "SportSimulator", "SportSimulator\SportSimulator.csproj", "{EAB4F9BF-927B-4C3E-BE14-3720C1585ECD}"
EndProject
Project("{9A19103F-16F7-4668-BE54-9A1E7A4F7556}") = "PokemonsDeel2", "PokemonsDeel2\PokemonsDeel2.csproj", "{AAFFFF53-0BD5-429E-90C4-02F325872BD0}"
EndProject
Project("{9A19103F-16F7-4668-BE54-9A1E7A4F7556}") = "DigitaleKluis", "DigitaleKluis\DigitaleKluis.csproj", "{7BF06059-032B-48D0-B625-FC904C98EE0D}"
EndProject
Project("{9A19103F-16F7-4668-BE54-9A1E7A4F7556}") = "PrijzenMetForeach", "PrijzenMetForeach\PrijzenMetForeach.csproj", "{E2CB2C6F-AEA9-46FD-8B6B-388EF8DB9702}"
EndProject
Project("{9A19103F-16F7-4668-BE54-9A1E7A4F7556}") = "Speelkaarten", "Speelkaarten\Speelkaarten.csproj", "{A3A30DBA-668C-4F25-AA34-BE966DE48F13}"
EndProject
Project("{9A19103F-16F7-4668-BE54-9A1E7A4F7556}") = "StudentOrganizer", "StudentOrganizer\StudentOrganizer.csproj", "{21CC4E42-62FE-4329-B147-1FDDCA4C2D7B}"
EndProject
Project("{9A19103F-16F7-4668-BE54-9A1E7A4F7556}") = "BookmarkManager", "BookmarkManager\BookmarkManager.csproj", "{60BCFE77-D98B-4BB6-B481-9507E8EF1525}"
EndProject
Project("{9A19103F-16F7-4668-BE54-9A1E7A4F7556}") = "HetDierenrijk", "HetDierenrijk\HetDierenrijk.csproj", "{60E3C703-96EA-4BFE-A738-DA423CD719D0}"
EndProject
Project("{9A19103F-16F7-4668-BE54-9A1E7A4F7556}") = "Ziekenhuis", "Ziekenhuis\Ziekenhuis.csproj", "{C4E06BCC-6474-417F-918F-A9F3E03940DC}"
EndProject
Project("{9A19103F-16F7-4668-BE54-9A1E7A4F7556}") = "HiddenBookmark", "HiddenBookmark\HiddenBookmark.csproj", "{0B5381AA-9B1E-44D4-8E33-9B1ADADF71A8}"
EndProject
Project("{9A19103F-16F7-4668-BE54-9A1E7A4F7556}") = "BalspelMetOvererving", "BalspelMetOvererving\BalspelMetOvererving.csproj", "{516FA9BF-244D-4DD1-AEBE-616ADF206F9B}"
EndProject
Project("{9A19103F-16F7-4668-BE54-9A1E7A4F7556}") = "PokemonExtra", "PokemonExtra\PokemonExtra.csproj", "{C5871DAA-5F79-488C-B722-A9ABE9654622}"
EndProject
Project("{9A19103F-16F7-4668-BE54-9A1E7A4F7556}") = "BookmarkExtra", "BookmarkExtra\BookmarkExtra.csproj", "{376502C1-C196-4FB7-979B-15BA7DAF95AD}"
EndProject
Project("{9A19103F-16F7-4668-BE54-9A1E7A4F7556}") = "Book", "Book\Book.csproj", "{C0E25CDB-E263-4EC9-BB09-7807E5ADF1DC}"
EndProject
Project("{9A19103F-16F7-4668-BE54-9A1E7A4F7556}") = "MoneyMoneyMoney", "MoneyMoneyMoney\MoneyMoneyMoney.csproj", "{3A5160AC-3153-4E1F-BAA1-FC7CF71BFDC6}"
EndProject
Project("{9A19103F-16F7-4668-BE54-9A1E7A4F7556}") = "GeometricFigures", "GeometricFigures\GeometricFigures.csproj", "{4B104A2D-4B01-42A4-85FB-492829857A03}"
EndProject
Project("{2150E333-8FDC-42A3-9474-1A3956D46DE8}") = "Advanced Overerving", "Advanced Overerving", "{0DDA049F-CB5D-4512-BCC4-587686C58A12}"
EndProject
Project("{9A19103F-16F7-4668-BE54-9A1E7A4F7556}") = "Dierentuin", "Dierentuin\Dierentuin.csproj", "{5A8BCB93-722D-42BE-B79B-81812B15D79E}"
EndProject
Project("{2150E333-8FDC-42A3-9474-1A3956D46DE8}") = "Compositie", "Compositie", "{D202796B-4BD0-457E-AB48-2835A234FC14}"
EndProject
Project("{9A19103F-16F7-4668-BE54-9A1E7A4F7556}") = "UMLNaarCode", "UMLNaarCode\UMLNaarCode.csproj", "{C472147D-B9B9-4E4A-9E08-B0D9F1FF4B7F}"
EndProject
Project("{9A19103F-16F7-4668-BE54-9A1E7A4F7556}") = "Politiek", "Politiek\Politiek.csproj", "{44793158-2B16-4601-9760-1AA3117C830E}"
EndProject
Project("{9A19103F-16F7-4668-BE54-9A1E7A4F7556}") = "Moederbord", "Moederbord\Moederbord.csproj", "{E7078CA9-DE16-445F-8733-255CA450CD60}"
EndProject
Project("{9A19103F-16F7-4668-BE54-9A1E7A4F7556}") = "EenEigenHuis", "EenEigenHuis\EenEigenHuis.csproj", "{6E5A3F2F-58E9-4E8F-8C35-6D93D58B6FD9}"
EndProject
Project("{2150E333-8FDC-42A3-9474-1A3956D46DE8}") = "TextBased_RPG", "TextBased_RPG", "{1CA50801-76F4-4603-8E19-FFFCFB7EB24F}"
EndProject
Project("{9A19103F-16F7-4668-BE54-9A1E7A4F7556}") = "TextbasedRPG", "TextbasedRPG\TextbasedRPG.csproj", "{A586E218-37DC-4A8E-BEBC-22302EC13167}"
EndProject
Project("{2150E333-8FDC-42A3-9474-1A3956D46DE8}") = "Polymorpism", "Polymorpism", "{3F77221B-45A5-4DBE-B1D5-4C2DB7413C23}"
EndProject
Project("{9A19103F-16F7-4668-BE54-9A1E7A4F7556}") = "DierentuinAdvanced", "DierentuinAdvanced\DierentuinAdvanced.csproj", "{427F05DF-A1EA-40C6-B28B-2A4FD5EDBEDE}"
EndProject
Project("{9A19103F-16F7-4668-BE54-9A1E7A4F7556}") = "PokemonsVergelijken", "PokemonsVergelijken\PokemonsVergelijken.csproj", "{DEE08EE3-D4BF-427E-802B-76A5E0DC8E01}"
EndProject
Project("{9A19103F-16F7-4668-BE54-9A1E7A4F7556}") = "Magic", "Magic\Magic.csproj", "{64569887-7763-408C-A3A2-9CC129717EBF}"
EndProject
Project("{9A19103F-16F7-4668-BE54-9A1E7A4F7556}") = "MapMaker", "MapMaker\MapMaker.csproj", "{05762C90-0680-41EF-8B13-C71AEDCFFECD}"
EndProject
Project("{2150E333-8FDC-42A3-9474-1A3956D46DE8}") = "Interfaces", "Interfaces", "{7398605D-B477-4A79-B8EB-164A27F0FCB1}"
EndProject
Project("{FAE04EC0-301F-11D3-BF4B-00C04F79EFBC}") = "FiguresWithInterfaces", "FiguresWithInterfaces\FiguresWithInterfaces.csproj", "{2D82FC7C-2632-4D97-8ACC-C4B69825940B}"
EndProject
Project("{FAE04EC0-301F-11D3-BF4B-00C04F79EFBC}") = "Game", "Game\Game.csproj", "{8E6C98AB-9708-418A-A03E-87CA0F6F952F}"
EndProject
Global
	GlobalSection(SolutionConfigurationPlatforms) = preSolution
		Debug|Any CPU = Debug|Any CPU
		Release|Any CPU = Release|Any CPU
	EndGlobalSection
	GlobalSection(ProjectConfigurationPlatforms) = postSolution
		{63155241-AB7A-43BC-AB2F-3F010B51C132}.Debug|Any CPU.ActiveCfg = Debug|Any CPU
		{63155241-AB7A-43BC-AB2F-3F010B51C132}.Debug|Any CPU.Build.0 = Debug|Any CPU
		{63155241-AB7A-43BC-AB2F-3F010B51C132}.Release|Any CPU.ActiveCfg = Release|Any CPU
		{63155241-AB7A-43BC-AB2F-3F010B51C132}.Release|Any CPU.Build.0 = Release|Any CPU
		{385AAACE-BF7E-4055-AE5F-A2033970E2AE}.Debug|Any CPU.ActiveCfg = Debug|Any CPU
		{385AAACE-BF7E-4055-AE5F-A2033970E2AE}.Debug|Any CPU.Build.0 = Debug|Any CPU
		{385AAACE-BF7E-4055-AE5F-A2033970E2AE}.Release|Any CPU.ActiveCfg = Release|Any CPU
		{385AAACE-BF7E-4055-AE5F-A2033970E2AE}.Release|Any CPU.Build.0 = Release|Any CPU
		{06FEAF94-4D84-440E-8130-078BBAD32B65}.Debug|Any CPU.ActiveCfg = Debug|Any CPU
		{06FEAF94-4D84-440E-8130-078BBAD32B65}.Debug|Any CPU.Build.0 = Debug|Any CPU
		{06FEAF94-4D84-440E-8130-078BBAD32B65}.Release|Any CPU.ActiveCfg = Release|Any CPU
		{06FEAF94-4D84-440E-8130-078BBAD32B65}.Release|Any CPU.Build.0 = Release|Any CPU
		{FC07162B-A2B2-4DFA-9694-4FB13F3457B5}.Debug|Any CPU.ActiveCfg = Debug|Any CPU
		{FC07162B-A2B2-4DFA-9694-4FB13F3457B5}.Debug|Any CPU.Build.0 = Debug|Any CPU
		{FC07162B-A2B2-4DFA-9694-4FB13F3457B5}.Release|Any CPU.ActiveCfg = Release|Any CPU
		{FC07162B-A2B2-4DFA-9694-4FB13F3457B5}.Release|Any CPU.Build.0 = Release|Any CPU
		{BBDDC656-F11E-4E80-AE56-D37C8AB7F1BB}.Debug|Any CPU.ActiveCfg = Debug|Any CPU
		{BBDDC656-F11E-4E80-AE56-D37C8AB7F1BB}.Debug|Any CPU.Build.0 = Debug|Any CPU
		{BBDDC656-F11E-4E80-AE56-D37C8AB7F1BB}.Release|Any CPU.ActiveCfg = Release|Any CPU
		{BBDDC656-F11E-4E80-AE56-D37C8AB7F1BB}.Release|Any CPU.Build.0 = Release|Any CPU
		{4BE5D7E3-5B28-441F-86C7-3BDC57FBF03C}.Debug|Any CPU.ActiveCfg = Debug|Any CPU
		{4BE5D7E3-5B28-441F-86C7-3BDC57FBF03C}.Debug|Any CPU.Build.0 = Debug|Any CPU
		{4BE5D7E3-5B28-441F-86C7-3BDC57FBF03C}.Release|Any CPU.ActiveCfg = Release|Any CPU
		{4BE5D7E3-5B28-441F-86C7-3BDC57FBF03C}.Release|Any CPU.Build.0 = Release|Any CPU
		{DED11BF2-B671-4A85-A47B-EA01427BD02B}.Debug|Any CPU.ActiveCfg = Debug|Any CPU
		{DED11BF2-B671-4A85-A47B-EA01427BD02B}.Debug|Any CPU.Build.0 = Debug|Any CPU
		{DED11BF2-B671-4A85-A47B-EA01427BD02B}.Release|Any CPU.ActiveCfg = Release|Any CPU
		{DED11BF2-B671-4A85-A47B-EA01427BD02B}.Release|Any CPU.Build.0 = Release|Any CPU
		{C7DD6CBA-FB1A-46D6-9AD8-000769EF567C}.Debug|Any CPU.ActiveCfg = Debug|Any CPU
		{C7DD6CBA-FB1A-46D6-9AD8-000769EF567C}.Debug|Any CPU.Build.0 = Debug|Any CPU
		{C7DD6CBA-FB1A-46D6-9AD8-000769EF567C}.Release|Any CPU.ActiveCfg = Release|Any CPU
		{C7DD6CBA-FB1A-46D6-9AD8-000769EF567C}.Release|Any CPU.Build.0 = Release|Any CPU
		{63BF180F-7C48-4E45-9A6A-9A3109D23C39}.Debug|Any CPU.ActiveCfg = Debug|Any CPU
		{63BF180F-7C48-4E45-9A6A-9A3109D23C39}.Debug|Any CPU.Build.0 = Debug|Any CPU
		{63BF180F-7C48-4E45-9A6A-9A3109D23C39}.Release|Any CPU.ActiveCfg = Release|Any CPU
		{63BF180F-7C48-4E45-9A6A-9A3109D23C39}.Release|Any CPU.Build.0 = Release|Any CPU
		{3032045B-0828-4397-B081-BE8648378D32}.Debug|Any CPU.ActiveCfg = Debug|Any CPU
		{3032045B-0828-4397-B081-BE8648378D32}.Debug|Any CPU.Build.0 = Debug|Any CPU
		{3032045B-0828-4397-B081-BE8648378D32}.Release|Any CPU.ActiveCfg = Release|Any CPU
		{3032045B-0828-4397-B081-BE8648378D32}.Release|Any CPU.Build.0 = Release|Any CPU
		{58905D09-F6C1-4FEE-996F-DE7BC48DB7A3}.Debug|Any CPU.ActiveCfg = Debug|Any CPU
		{58905D09-F6C1-4FEE-996F-DE7BC48DB7A3}.Debug|Any CPU.Build.0 = Debug|Any CPU
		{58905D09-F6C1-4FEE-996F-DE7BC48DB7A3}.Release|Any CPU.ActiveCfg = Release|Any CPU
		{58905D09-F6C1-4FEE-996F-DE7BC48DB7A3}.Release|Any CPU.Build.0 = Release|Any CPU
		{EAB4F9BF-927B-4C3E-BE14-3720C1585ECD}.Debug|Any CPU.ActiveCfg = Debug|Any CPU
		{EAB4F9BF-927B-4C3E-BE14-3720C1585ECD}.Debug|Any CPU.Build.0 = Debug|Any CPU
		{EAB4F9BF-927B-4C3E-BE14-3720C1585ECD}.Release|Any CPU.ActiveCfg = Release|Any CPU
		{EAB4F9BF-927B-4C3E-BE14-3720C1585ECD}.Release|Any CPU.Build.0 = Release|Any CPU
		{AAFFFF53-0BD5-429E-90C4-02F325872BD0}.Debug|Any CPU.ActiveCfg = Debug|Any CPU
		{AAFFFF53-0BD5-429E-90C4-02F325872BD0}.Debug|Any CPU.Build.0 = Debug|Any CPU
		{AAFFFF53-0BD5-429E-90C4-02F325872BD0}.Release|Any CPU.ActiveCfg = Release|Any CPU
		{AAFFFF53-0BD5-429E-90C4-02F325872BD0}.Release|Any CPU.Build.0 = Release|Any CPU
		{7BF06059-032B-48D0-B625-FC904C98EE0D}.Debug|Any CPU.ActiveCfg = Debug|Any CPU
		{7BF06059-032B-48D0-B625-FC904C98EE0D}.Debug|Any CPU.Build.0 = Debug|Any CPU
		{7BF06059-032B-48D0-B625-FC904C98EE0D}.Release|Any CPU.ActiveCfg = Release|Any CPU
		{7BF06059-032B-48D0-B625-FC904C98EE0D}.Release|Any CPU.Build.0 = Release|Any CPU
		{E2CB2C6F-AEA9-46FD-8B6B-388EF8DB9702}.Debug|Any CPU.ActiveCfg = Debug|Any CPU
		{E2CB2C6F-AEA9-46FD-8B6B-388EF8DB9702}.Debug|Any CPU.Build.0 = Debug|Any CPU
		{E2CB2C6F-AEA9-46FD-8B6B-388EF8DB9702}.Release|Any CPU.ActiveCfg = Release|Any CPU
		{E2CB2C6F-AEA9-46FD-8B6B-388EF8DB9702}.Release|Any CPU.Build.0 = Release|Any CPU
		{A3A30DBA-668C-4F25-AA34-BE966DE48F13}.Debug|Any CPU.ActiveCfg = Debug|Any CPU
		{A3A30DBA-668C-4F25-AA34-BE966DE48F13}.Debug|Any CPU.Build.0 = Debug|Any CPU
		{A3A30DBA-668C-4F25-AA34-BE966DE48F13}.Release|Any CPU.ActiveCfg = Release|Any CPU
		{A3A30DBA-668C-4F25-AA34-BE966DE48F13}.Release|Any CPU.Build.0 = Release|Any CPU
		{21CC4E42-62FE-4329-B147-1FDDCA4C2D7B}.Debug|Any CPU.ActiveCfg = Debug|Any CPU
		{21CC4E42-62FE-4329-B147-1FDDCA4C2D7B}.Debug|Any CPU.Build.0 = Debug|Any CPU
		{21CC4E42-62FE-4329-B147-1FDDCA4C2D7B}.Release|Any CPU.ActiveCfg = Release|Any CPU
		{21CC4E42-62FE-4329-B147-1FDDCA4C2D7B}.Release|Any CPU.Build.0 = Release|Any CPU
		{60BCFE77-D98B-4BB6-B481-9507E8EF1525}.Debug|Any CPU.ActiveCfg = Debug|Any CPU
		{60BCFE77-D98B-4BB6-B481-9507E8EF1525}.Debug|Any CPU.Build.0 = Debug|Any CPU
		{60BCFE77-D98B-4BB6-B481-9507E8EF1525}.Release|Any CPU.ActiveCfg = Release|Any CPU
		{60BCFE77-D98B-4BB6-B481-9507E8EF1525}.Release|Any CPU.Build.0 = Release|Any CPU
		{60E3C703-96EA-4BFE-A738-DA423CD719D0}.Debug|Any CPU.ActiveCfg = Debug|Any CPU
		{60E3C703-96EA-4BFE-A738-DA423CD719D0}.Debug|Any CPU.Build.0 = Debug|Any CPU
		{60E3C703-96EA-4BFE-A738-DA423CD719D0}.Release|Any CPU.ActiveCfg = Release|Any CPU
		{60E3C703-96EA-4BFE-A738-DA423CD719D0}.Release|Any CPU.Build.0 = Release|Any CPU
		{C4E06BCC-6474-417F-918F-A9F3E03940DC}.Debug|Any CPU.ActiveCfg = Debug|Any CPU
		{C4E06BCC-6474-417F-918F-A9F3E03940DC}.Debug|Any CPU.Build.0 = Debug|Any CPU
		{C4E06BCC-6474-417F-918F-A9F3E03940DC}.Release|Any CPU.ActiveCfg = Release|Any CPU
		{C4E06BCC-6474-417F-918F-A9F3E03940DC}.Release|Any CPU.Build.0 = Release|Any CPU
		{0B5381AA-9B1E-44D4-8E33-9B1ADADF71A8}.Debug|Any CPU.ActiveCfg = Debug|Any CPU
		{0B5381AA-9B1E-44D4-8E33-9B1ADADF71A8}.Debug|Any CPU.Build.0 = Debug|Any CPU
		{0B5381AA-9B1E-44D4-8E33-9B1ADADF71A8}.Release|Any CPU.ActiveCfg = Release|Any CPU
		{0B5381AA-9B1E-44D4-8E33-9B1ADADF71A8}.Release|Any CPU.Build.0 = Release|Any CPU
		{516FA9BF-244D-4DD1-AEBE-616ADF206F9B}.Debug|Any CPU.ActiveCfg = Debug|Any CPU
		{516FA9BF-244D-4DD1-AEBE-616ADF206F9B}.Debug|Any CPU.Build.0 = Debug|Any CPU
		{516FA9BF-244D-4DD1-AEBE-616ADF206F9B}.Release|Any CPU.ActiveCfg = Release|Any CPU
		{516FA9BF-244D-4DD1-AEBE-616ADF206F9B}.Release|Any CPU.Build.0 = Release|Any CPU
		{C5871DAA-5F79-488C-B722-A9ABE9654622}.Debug|Any CPU.ActiveCfg = Debug|Any CPU
		{C5871DAA-5F79-488C-B722-A9ABE9654622}.Debug|Any CPU.Build.0 = Debug|Any CPU
		{C5871DAA-5F79-488C-B722-A9ABE9654622}.Release|Any CPU.ActiveCfg = Release|Any CPU
		{C5871DAA-5F79-488C-B722-A9ABE9654622}.Release|Any CPU.Build.0 = Release|Any CPU
		{376502C1-C196-4FB7-979B-15BA7DAF95AD}.Debug|Any CPU.ActiveCfg = Debug|Any CPU
		{376502C1-C196-4FB7-979B-15BA7DAF95AD}.Debug|Any CPU.Build.0 = Debug|Any CPU
		{376502C1-C196-4FB7-979B-15BA7DAF95AD}.Release|Any CPU.ActiveCfg = Release|Any CPU
		{376502C1-C196-4FB7-979B-15BA7DAF95AD}.Release|Any CPU.Build.0 = Release|Any CPU
		{C0E25CDB-E263-4EC9-BB09-7807E5ADF1DC}.Debug|Any CPU.ActiveCfg = Debug|Any CPU
		{C0E25CDB-E263-4EC9-BB09-7807E5ADF1DC}.Debug|Any CPU.Build.0 = Debug|Any CPU
		{C0E25CDB-E263-4EC9-BB09-7807E5ADF1DC}.Release|Any CPU.ActiveCfg = Release|Any CPU
		{C0E25CDB-E263-4EC9-BB09-7807E5ADF1DC}.Release|Any CPU.Build.0 = Release|Any CPU
		{3A5160AC-3153-4E1F-BAA1-FC7CF71BFDC6}.Debug|Any CPU.ActiveCfg = Debug|Any CPU
		{3A5160AC-3153-4E1F-BAA1-FC7CF71BFDC6}.Debug|Any CPU.Build.0 = Debug|Any CPU
		{3A5160AC-3153-4E1F-BAA1-FC7CF71BFDC6}.Release|Any CPU.ActiveCfg = Release|Any CPU
		{3A5160AC-3153-4E1F-BAA1-FC7CF71BFDC6}.Release|Any CPU.Build.0 = Release|Any CPU
		{4B104A2D-4B01-42A4-85FB-492829857A03}.Debug|Any CPU.ActiveCfg = Debug|Any CPU
		{4B104A2D-4B01-42A4-85FB-492829857A03}.Debug|Any CPU.Build.0 = Debug|Any CPU
		{4B104A2D-4B01-42A4-85FB-492829857A03}.Release|Any CPU.ActiveCfg = Release|Any CPU
		{4B104A2D-4B01-42A4-85FB-492829857A03}.Release|Any CPU.Build.0 = Release|Any CPU
		{5A8BCB93-722D-42BE-B79B-81812B15D79E}.Debug|Any CPU.ActiveCfg = Debug|Any CPU
		{5A8BCB93-722D-42BE-B79B-81812B15D79E}.Debug|Any CPU.Build.0 = Debug|Any CPU
		{5A8BCB93-722D-42BE-B79B-81812B15D79E}.Release|Any CPU.ActiveCfg = Release|Any CPU
		{5A8BCB93-722D-42BE-B79B-81812B15D79E}.Release|Any CPU.Build.0 = Release|Any CPU
		{C472147D-B9B9-4E4A-9E08-B0D9F1FF4B7F}.Debug|Any CPU.ActiveCfg = Debug|Any CPU
		{C472147D-B9B9-4E4A-9E08-B0D9F1FF4B7F}.Debug|Any CPU.Build.0 = Debug|Any CPU
		{C472147D-B9B9-4E4A-9E08-B0D9F1FF4B7F}.Release|Any CPU.ActiveCfg = Release|Any CPU
		{C472147D-B9B9-4E4A-9E08-B0D9F1FF4B7F}.Release|Any CPU.Build.0 = Release|Any CPU
		{44793158-2B16-4601-9760-1AA3117C830E}.Debug|Any CPU.ActiveCfg = Debug|Any CPU
		{44793158-2B16-4601-9760-1AA3117C830E}.Debug|Any CPU.Build.0 = Debug|Any CPU
		{44793158-2B16-4601-9760-1AA3117C830E}.Release|Any CPU.ActiveCfg = Release|Any CPU
		{44793158-2B16-4601-9760-1AA3117C830E}.Release|Any CPU.Build.0 = Release|Any CPU
		{E7078CA9-DE16-445F-8733-255CA450CD60}.Debug|Any CPU.ActiveCfg = Debug|Any CPU
		{E7078CA9-DE16-445F-8733-255CA450CD60}.Debug|Any CPU.Build.0 = Debug|Any CPU
		{E7078CA9-DE16-445F-8733-255CA450CD60}.Release|Any CPU.ActiveCfg = Release|Any CPU
		{E7078CA9-DE16-445F-8733-255CA450CD60}.Release|Any CPU.Build.0 = Release|Any CPU
		{6E5A3F2F-58E9-4E8F-8C35-6D93D58B6FD9}.Debug|Any CPU.ActiveCfg = Debug|Any CPU
		{6E5A3F2F-58E9-4E8F-8C35-6D93D58B6FD9}.Debug|Any CPU.Build.0 = Debug|Any CPU
		{6E5A3F2F-58E9-4E8F-8C35-6D93D58B6FD9}.Release|Any CPU.ActiveCfg = Release|Any CPU
		{6E5A3F2F-58E9-4E8F-8C35-6D93D58B6FD9}.Release|Any CPU.Build.0 = Release|Any CPU
		{A586E218-37DC-4A8E-BEBC-22302EC13167}.Debug|Any CPU.ActiveCfg = Debug|Any CPU
		{A586E218-37DC-4A8E-BEBC-22302EC13167}.Debug|Any CPU.Build.0 = Debug|Any CPU
		{A586E218-37DC-4A8E-BEBC-22302EC13167}.Release|Any CPU.ActiveCfg = Release|Any CPU
		{A586E218-37DC-4A8E-BEBC-22302EC13167}.Release|Any CPU.Build.0 = Release|Any CPU
		{427F05DF-A1EA-40C6-B28B-2A4FD5EDBEDE}.Debug|Any CPU.ActiveCfg = Debug|Any CPU
		{427F05DF-A1EA-40C6-B28B-2A4FD5EDBEDE}.Debug|Any CPU.Build.0 = Debug|Any CPU
		{427F05DF-A1EA-40C6-B28B-2A4FD5EDBEDE}.Release|Any CPU.ActiveCfg = Release|Any CPU
		{427F05DF-A1EA-40C6-B28B-2A4FD5EDBEDE}.Release|Any CPU.Build.0 = Release|Any CPU
		{DEE08EE3-D4BF-427E-802B-76A5E0DC8E01}.Debug|Any CPU.ActiveCfg = Debug|Any CPU
		{DEE08EE3-D4BF-427E-802B-76A5E0DC8E01}.Debug|Any CPU.Build.0 = Debug|Any CPU
		{DEE08EE3-D4BF-427E-802B-76A5E0DC8E01}.Release|Any CPU.ActiveCfg = Release|Any CPU
		{DEE08EE3-D4BF-427E-802B-76A5E0DC8E01}.Release|Any CPU.Build.0 = Release|Any CPU
		{64569887-7763-408C-A3A2-9CC129717EBF}.Debug|Any CPU.ActiveCfg = Debug|Any CPU
		{64569887-7763-408C-A3A2-9CC129717EBF}.Debug|Any CPU.Build.0 = Debug|Any CPU
		{64569887-7763-408C-A3A2-9CC129717EBF}.Release|Any CPU.ActiveCfg = Release|Any CPU
		{64569887-7763-408C-A3A2-9CC129717EBF}.Release|Any CPU.Build.0 = Release|Any CPU
		{05762C90-0680-41EF-8B13-C71AEDCFFECD}.Debug|Any CPU.ActiveCfg = Debug|Any CPU
		{05762C90-0680-41EF-8B13-C71AEDCFFECD}.Debug|Any CPU.Build.0 = Debug|Any CPU
		{05762C90-0680-41EF-8B13-C71AEDCFFECD}.Release|Any CPU.ActiveCfg = Release|Any CPU
		{05762C90-0680-41EF-8B13-C71AEDCFFECD}.Release|Any CPU.Build.0 = Release|Any CPU
		{2D82FC7C-2632-4D97-8ACC-C4B69825940B}.Debug|Any CPU.ActiveCfg = Debug|Any CPU
		{2D82FC7C-2632-4D97-8ACC-C4B69825940B}.Debug|Any CPU.Build.0 = Debug|Any CPU
		{2D82FC7C-2632-4D97-8ACC-C4B69825940B}.Release|Any CPU.ActiveCfg = Release|Any CPU
		{2D82FC7C-2632-4D97-8ACC-C4B69825940B}.Release|Any CPU.Build.0 = Release|Any CPU
		{8E6C98AB-9708-418A-A03E-87CA0F6F952F}.Debug|Any CPU.ActiveCfg = Debug|Any CPU
		{8E6C98AB-9708-418A-A03E-87CA0F6F952F}.Debug|Any CPU.Build.0 = Debug|Any CPU
		{8E6C98AB-9708-418A-A03E-87CA0F6F952F}.Release|Any CPU.ActiveCfg = Release|Any CPU
		{8E6C98AB-9708-418A-A03E-87CA0F6F952F}.Release|Any CPU.Build.0 = Release|Any CPU
	EndGlobalSection
	GlobalSection(SolutionProperties) = preSolution
		HideSolutionNode = FALSE
	EndGlobalSection
	GlobalSection(NestedProjects) = preSolution
		{C5871DAA-5F79-488C-B722-A9ABE9654622} = {0DDA049F-CB5D-4512-BCC4-587686C58A12}
		{376502C1-C196-4FB7-979B-15BA7DAF95AD} = {0DDA049F-CB5D-4512-BCC4-587686C58A12}
		{C0E25CDB-E263-4EC9-BB09-7807E5ADF1DC} = {0DDA049F-CB5D-4512-BCC4-587686C58A12}
		{3A5160AC-3153-4E1F-BAA1-FC7CF71BFDC6} = {0DDA049F-CB5D-4512-BCC4-587686C58A12}
		{4B104A2D-4B01-42A4-85FB-492829857A03} = {0DDA049F-CB5D-4512-BCC4-587686C58A12}
		{5A8BCB93-722D-42BE-B79B-81812B15D79E} = {0DDA049F-CB5D-4512-BCC4-587686C58A12}
		{C472147D-B9B9-4E4A-9E08-B0D9F1FF4B7F} = {D202796B-4BD0-457E-AB48-2835A234FC14}
		{44793158-2B16-4601-9760-1AA3117C830E} = {D202796B-4BD0-457E-AB48-2835A234FC14}
		{E7078CA9-DE16-445F-8733-255CA450CD60} = {D202796B-4BD0-457E-AB48-2835A234FC14}
		{6E5A3F2F-58E9-4E8F-8C35-6D93D58B6FD9} = {D202796B-4BD0-457E-AB48-2835A234FC14}
		{A586E218-37DC-4A8E-BEBC-22302EC13167} = {1CA50801-76F4-4603-8E19-FFFCFB7EB24F}
		{427F05DF-A1EA-40C6-B28B-2A4FD5EDBEDE} = {3F77221B-45A5-4DBE-B1D5-4C2DB7413C23}
		{DEE08EE3-D4BF-427E-802B-76A5E0DC8E01} = {3F77221B-45A5-4DBE-B1D5-4C2DB7413C23}
		{64569887-7763-408C-A3A2-9CC129717EBF} = {3F77221B-45A5-4DBE-B1D5-4C2DB7413C23}
		{05762C90-0680-41EF-8B13-C71AEDCFFECD} = {3F77221B-45A5-4DBE-B1D5-4C2DB7413C23}
		{2D82FC7C-2632-4D97-8ACC-C4B69825940B} = {7398605D-B477-4A79-B8EB-164A27F0FCB1}
		{8E6C98AB-9708-418A-A03E-87CA0F6F952F} = {7398605D-B477-4A79-B8EB-164A27F0FCB1}
	EndGlobalSection
	GlobalSection(ExtensibilityGlobals) = postSolution
		SolutionGuid = {0C3018DB-C0D9-4834-AD3A-C3FADDD3A9C9}
	EndGlobalSection
EndGlobal
